
Microsoft Visual Studio Solution File, Format Version 12.00
# Visual Studio Version 17
VisualStudioVersion = 17.3.32901.215
MinimumVisualStudioVersion = 10.0.40219.1
Project("{FAE04EC0-301F-11D3-BF4B-00C04F79EFBC}") = "iis21118", "iis21118\iis21118.csproj", "{D1EC8045-E275-4652-AA6E-85E6E849CD44}"
EndProject
Global
	GlobalSection(SolutionConfigurationPlatforms) = preSolution
		Debug|Any CPU = Debug|Any CPU
		Release|Any CPU = Release|Any CPU
	EndGlobalSection
	GlobalSection(ProjectConfigurationPlatforms) = postSolution
		{D1EC8045-E275-4652-AA6E-85E6E849CD44}.Debug|Any CPU.ActiveCfg = Debug|Any CPU
		{D1EC8045-E275-4652-AA6E-85E6E849CD44}.Debug|Any CPU.Build.0 = Debug|Any CPU
		{D1EC8045-E275-4652-AA6E-85E6E849CD44}.Release|Any CPU.ActiveCfg = Release|Any CPU
		{D1EC8045-E275-4652-AA6E-85E6E849CD44}.Release|Any CPU.Build.0 = Release|Any CPU
	EndGlobalSection
	GlobalSection(SolutionProperties) = preSolution
		HideSolutionNode = FALSE
	EndGlobalSection
	GlobalSection(ExtensibilityGlobals) = postSolution
		SolutionGuid = {23A0894B-F85A-40DD-B7C8-39F1BFE64F03}
	EndGlobalSection
EndGlobal
